
Microsoft Visual Studio Solution File, Format Version 12.00
# Visual Studio 15
VisualStudioVersion = 15.0.27130.2024
MinimumVisualStudioVersion = 10.0.40219.1
Project("{FAE04EC0-301F-11D3-BF4B-00C04F79EFBC}") = "AsyncTrampoline", "AsyncTrampoline\AsyncTrampoline.csproj", "{2CCC3548-D3CD-4E85-B712-A3EB48EF3DA7}"
EndProject
Project("{FAE04EC0-301F-11D3-BF4B-00C04F79EFBC}") = "AsyncTrampoline.Tests", "AsyncTrampoline.Tests\AsyncTrampoline.Tests.csproj", "{255C6AC2-14B9-469C-891B-BFDBBCD62601}"
EndProject
Global
	GlobalSection(SolutionConfigurationPlatforms) = preSolution
		Debug|Any CPU = Debug|Any CPU
		Release|Any CPU = Release|Any CPU
	EndGlobalSection
	GlobalSection(ProjectConfigurationPlatforms) = postSolution
		{2CCC3548-D3CD-4E85-B712-A3EB48EF3DA7}.Debug|Any CPU.ActiveCfg = Debug|Any CPU
		{2CCC3548-D3CD-4E85-B712-A3EB48EF3DA7}.Debug|Any CPU.Build.0 = Debug|Any CPU
		{2CCC3548-D3CD-4E85-B712-A3EB48EF3DA7}.Release|Any CPU.ActiveCfg = Release|Any CPU
		{2CCC3548-D3CD-4E85-B712-A3EB48EF3DA7}.Release|Any CPU.Build.0 = Release|Any CPU
		{255C6AC2-14B9-469C-891B-BFDBBCD62601}.Debug|Any CPU.ActiveCfg = Debug|Any CPU
		{255C6AC2-14B9-469C-891B-BFDBBCD62601}.Debug|Any CPU.Build.0 = Debug|Any CPU
		{255C6AC2-14B9-469C-891B-BFDBBCD62601}.Release|Any CPU.ActiveCfg = Release|Any CPU
		{255C6AC2-14B9-469C-891B-BFDBBCD62601}.Release|Any CPU.Build.0 = Release|Any CPU
	EndGlobalSection
	GlobalSection(SolutionProperties) = preSolution
		HideSolutionNode = FALSE
	EndGlobalSection
	GlobalSection(ExtensibilityGlobals) = postSolution
		SolutionGuid = {FEA2D294-0948-4C78-967E-FC64A1FDEEB4}
	EndGlobalSection
EndGlobal
